
Microsoft Visual Studio Solution File, Format Version 12.00
# Visual Studio Version 17
VisualStudioVersion = 17.13.35806.99
MinimumVisualStudioVersion = 10.0.40219.1
Project("{FAE04EC0-301F-11D3-BF4B-00C04F79EFBC}") = "ValidationTool", "ValidationTool\ValidationTool.csproj", "{0BD2F290-CCB9-4BEA-91B4-426264EFA2A4}"
EndProject
Global
	GlobalSection(SolutionConfigurationPlatforms) = preSolution
		Debug|Any CPU = Debug|Any CPU
		Release|Any CPU = Release|Any CPU
	EndGlobalSection
	GlobalSection(ProjectConfigurationPlatforms) = postSolution
		{0BD2F290-CCB9-4BEA-91B4-426264EFA2A4}.Debug|Any CPU.ActiveCfg = Debug|Any CPU
		{0BD2F290-CCB9-4BEA-91B4-426264EFA2A4}.Debug|Any CPU.Build.0 = Debug|Any CPU
		{0BD2F290-CCB9-4BEA-91B4-426264EFA2A4}.Release|Any CPU.ActiveCfg = Release|Any CPU
		{0BD2F290-CCB9-4BEA-91B4-426264EFA2A4}.Release|Any CPU.Build.0 = Release|Any CPU
	EndGlobalSection
	GlobalSection(SolutionProperties) = preSolution
		HideSolutionNode = FALSE
	EndGlobalSection
	GlobalSection(ExtensibilityGlobals) = postSolution
		SolutionGuid = {162D0811-DF57-4228-BB7F-A0F5CC79B0D7}
	EndGlobalSection
EndGlobal
